
Microsoft Visual Studio Solution File, Format Version 12.00
# Visual Studio Version 17
VisualStudioVersion = 17.5.33414.496
MinimumVisualStudioVersion = 10.0.40219.1
Project("{FAE04EC0-301F-11D3-BF4B-00C04F79EFBC}") = "C#py", "C#py\C#py.csproj", "{AF274298-F764-49BB-8163-99F7E6F67C63}"
EndProject
Global
	GlobalSection(SolutionConfigurationPlatforms) = preSolution
		Debug|Any CPU = Debug|Any CPU
		Release|Any CPU = Release|Any CPU
	EndGlobalSection
	GlobalSection(ProjectConfigurationPlatforms) = postSolution
		{AF274298-F764-49BB-8163-99F7E6F67C63}.Debug|Any CPU.ActiveCfg = Debug|Any CPU
		{AF274298-F764-49BB-8163-99F7E6F67C63}.Debug|Any CPU.Build.0 = Debug|Any CPU
		{AF274298-F764-49BB-8163-99F7E6F67C63}.Release|Any CPU.ActiveCfg = Release|Any CPU
		{AF274298-F764-49BB-8163-99F7E6F67C63}.Release|Any CPU.Build.0 = Release|Any CPU
	EndGlobalSection
	GlobalSection(SolutionProperties) = preSolution
		HideSolutionNode = FALSE
	EndGlobalSection
	GlobalSection(ExtensibilityGlobals) = postSolution
		SolutionGuid = {883AAE3E-AA4D-4E43-9F85-51910BEF0526}
	EndGlobalSection
EndGlobal
